
Microsoft Visual Studio Solution File, Format Version 12.00
# Visual Studio Version 17
VisualStudioVersion = 17.7.34003.232
MinimumVisualStudioVersion = 10.0.40219.1
Project("{FAE04EC0-301F-11D3-BF4B-00C04F79EFBC}") = "Pizza", "Pizza.csproj", "{EB50F762-7A35-4E6A-BAFD-23F7F13E2AFB}"
EndProject
Global
	GlobalSection(SolutionConfigurationPlatforms) = preSolution
		Debug|Any CPU = Debug|Any CPU
		Release|Any CPU = Release|Any CPU
	EndGlobalSection
	GlobalSection(ProjectConfigurationPlatforms) = postSolution
		{EB50F762-7A35-4E6A-BAFD-23F7F13E2AFB}.Debug|Any CPU.ActiveCfg = Debug|Any CPU
		{EB50F762-7A35-4E6A-BAFD-23F7F13E2AFB}.Debug|Any CPU.Build.0 = Debug|Any CPU
		{EB50F762-7A35-4E6A-BAFD-23F7F13E2AFB}.Release|Any CPU.ActiveCfg = Release|Any CPU
		{EB50F762-7A35-4E6A-BAFD-23F7F13E2AFB}.Release|Any CPU.Build.0 = Release|Any CPU
	EndGlobalSection
	GlobalSection(SolutionProperties) = preSolution
		HideSolutionNode = FALSE
	EndGlobalSection
	GlobalSection(ExtensibilityGlobals) = postSolution
		SolutionGuid = {EF1D8D6E-998D-4960-BEE6-482E306EF72E}
	EndGlobalSection
EndGlobal
